{
  "requires": true,
  "lockfileVersion": 1,
  "dependencies": {
    "@kommunicate/kommunicate-chatbot-plugin": {
      "version": "0.0.5",
      "resolved": "https://registry.npmjs.org/@kommunicate/kommunicate-chatbot-plugin/-/kommunicate-chatbot-plugin-0.0.5.tgz",
      "integrity": "sha512-MrZPjKRibMl8Z81FzH7LrN+9evniOg7rRxDwg7J6tnqxEnGRvU1WD+mGKRlj9QT2sWS39hvcE4yA51+bwF+GOQ=="
    }
  }
}
